// !$*UTF8*$!
{
	archiveVersion = 1;
	classes = {
	};
	objectVersion = 77;
	objects = {

/* Begin PBXContainerItemProxy section */
		694CD21B2E61899600C07FF2 /* PBXContainerItemProxy */ = {
			isa = PBXContainerItemProxy;
			containerPortal = 694CD1F92E61899300C07FF2 /* Project object */;
			proxyType = 1;
			remoteGlobalIDString = 694CD2002E61899300C07FF2;
			remoteInfo = notetakingmvcuikit;
		};
		694CD2252E61899600C07FF2 /* PBXContainerItemProxy */ = {
			isa = PBXContainerItemProxy;
			containerPortal = 694CD1F92E61899300C07FF2 /* Project object */;
			proxyType = 1;
			remoteGlobalIDString = 694CD2002E61899300C07FF2;
			remoteInfo = notetakingmvcuikit;
		};
/* End PBXContainerItemProxy section */

/* Begin PBXFileReference section */
		694CD2012E61899300C07FF2 /* notetakingmvcuikit.app */ = {isa = PBXFileReference; explicitFileType = wrapper.application; includeInIndex = 0; path = notetakingmvcuikit.app; sourceTree = BUILT_PRODUCTS_DIR; };
		694CD21A2E61899600C07FF2 /* notetakingmvcuikitTests.xctest */ = {isa = PBXFileReference; explicitFileType = wrapper.cfbundle; includeInIndex = 0; path = notetakingmvcuikitTests.xctest; sourceTree = BUILT_PRODUCTS_DIR; };
		694CD2242E61899600C07FF2 /* notetakingmvcuikitUITests.xctest */ = {isa = PBXFileReference; explicitFileType = wrapper.cfbundle; includeInIndex = 0; path = notetakingmvcuikitUITests.xctest; sourceTree = BUILT_PRODUCTS_DIR; };
/* End PBXFileReference section */

/* Begin PBXFileSystemSynchronizedBuildFileExceptionSet section */
		694CD22C2E61899600C07FF2 /* Exceptions for "notetakingmvcuikit" folder in "notetakingmvcuikit" target */ = {
			isa = PBXFileSystemSynchronizedBuildFileExceptionSet;
			membershipExceptions = (
				Info.plist,
			);
			target = 694CD2002E61899300C07FF2 /* notetakingmvcuikit */;
		};
/* End PBXFileSystemSynchronizedBuildFileExceptionSet section */

/* Begin PBXFileSystemSynchronizedRootGroup section */
		694CD2032E61899300C07FF2 /* notetakingmvcuikit */ = {
			isa = PBXFileSystemSynchronizedRootGroup;
			exceptions = (
				694CD22C2E61899600C07FF2 /* Exceptions for "notetakingmvcuikit" folder in "notetakingmvcuikit" target */,
			);
			path = notetakingmvcuikit;
			sourceTree = "<group>";
		};
		694CD21D2E61899600C07FF2 /* notetakingmvcuikitTests */ = {
			isa = PBXFileSystemSynchronizedRootGroup;
			path = notetakingmvcuikitTests;
			sourceTree = "<group>";
		};
		694CD2272E61899600C07FF2 /* notetakingmvcuikitUITests */ = {
			isa = PBXFileSystemSynchronizedRootGroup;
			path = notetakingmvcuikitUITests;
			sourceTree = "<group>";
		};
/* End PBXFileSystemSynchronizedRootGroup section */

/* Begin PBXFrameworksBuildPhase section */
		694CD1FE2E61899300C07FF2 /* Frameworks */ = {
			isa = PBXFrameworksBuildPhase;
			buildActionMask = 2147483647;
			files = (
			);
			runOnlyForDeploymentPostprocessing = 0;
		};
		694CD2172E61899600C07FF2 /* Frameworks */ = {
			isa = PBXFrameworksBuildPhase;
			buildActionMask = 2147483647;
			files = (
			);
			runOnlyForDeploymentPostprocessing = 0;
		};
		694CD2212E61899600C07FF2 /* Frameworks */ = {
			isa = PBXFrameworksBuildPhase;
			buildActionMask = 2147483647;
			files = (
			);
			runOnlyForDeploymentPostprocessing = 0;
		};
/* End PBXFrameworksBuildPhase section */

/* Begin PBXGroup section */
		694CD1F82E61899300C07FF2 = {
			isa = PBXGroup;
			children = (
				694CD2032E61899300C07FF2 /* notetakingmvcuikit */,
				694CD21D2E61899600C07FF2 /* notetakingmvcuikitTests */,
				694CD2272E61899600C07FF2 /* notetakingmvcuikitUITests */,
				694CD2022E61899300C07FF2 /* Products */,
			);
			sourceTree = "<group>";
		};
		694CD2022E61899300C07FF2 /* Products */ = {
			isa = PBXGroup;
			children = (
				694CD2012E61899300C07FF2 /* notetakingmvcuikit.app */,
				694CD21A2E61899600C07FF2 /* notetakingmvcuikitTests.xctest */,
				694CD2242E61899600C07FF2 /* notetakingmvcuikitUITests.xctest */,
			);
			name = Products;
			sourceTree = "<group>";
		};
/* End PBXGroup section */

/* Begin PBXNativeTarget section */
		694CD2002E61899300C07FF2 /* notetakingmvcuikit */ = {
			isa = PBXNativeTarget;
			buildConfigurationList = 694CD22D2E61899600C07FF2 /* Build configuration list for PBXNativeTarget "notetakingmvcuikit" */;
			buildPhases = (
				694CD1FD2E61899300C07FF2 /* Sources */,
				694CD1FE2E61899300C07FF2 /* Frameworks */,
				694CD1FF2E61899300C07FF2 /* Resources */,
			);
			buildRules = (
			);
			dependencies = (
			);
			fileSystemSynchronizedGroups = (
				694CD2032E61899300C07FF2 /* notetakingmvcuikit */,
			);
			name = notetakingmvcuikit;
			packageProductDependencies = (
			);
			productName = notetakingmvcuikit;
			productReference = 694CD2012E61899300C07FF2 /* notetakingmvcuikit.app */;
			productType = "com.apple.product-type.application";
		};
		694CD2192E61899600C07FF2 /* notetakingmvcuikitTests */ = {
			isa = PBXNativeTarget;
			buildConfigurationList = 694CD2322E61899600C07FF2 /* Build configuration list for PBXNativeTarget "notetakingmvcuikitTests" */;
			buildPhases = (
				694CD2162E61899600C07FF2 /* Sources */,
				694CD2172E61899600C07FF2 /* Frameworks */,
				694CD2182E61899600C07FF2 /* Resources */,
			);
			buildRules = (
			);
			dependencies = (
				694CD21C2E61899600C07FF2 /* PBXTargetDependency */,
			);
			fileSystemSynchronizedGroups = (
				694CD21D2E61899600C07FF2 /* notetakingmvcuikitTests */,
			);
			name = notetakingmvcuikitTests;
			packageProductDependencies = (
			);
			productName = notetakingmvcuikitTests;
			productReference = 694CD21A2E61899600C07FF2 /* notetakingmvcuikitTests.xctest */;
			productType = "com.apple.product-type.bundle.unit-test";
		};
		694CD2232E61899600C07FF2 /* notetakingmvcuikitUITests */ = {
			isa = PBXNativeTarget;
			buildConfigurationList = 694CD2352E61899600C07FF2 /* Build configuration list for PBXNativeTarget "notetakingmvcuikitUITests" */;
			buildPhases = (
				694CD2202E61899600C07FF2 /* Sources */,
				694CD2212E61899600C07FF2 /* Frameworks */,
				694CD2222E61899600C07FF2 /* Resources */,
			);
			buildRules = (
			);
			dependencies = (
				694CD2262E61899600C07FF2 /* PBXTargetDependency */,
			);
			fileSystemSynchronizedGroups = (
				694CD2272E61899600C07FF2 /* notetakingmvcuikitUITests */,
			);
			name = notetakingmvcuikitUITests;
			packageProductDependencies = (
			);
			productName = notetakingmvcuikitUITests;
			productReference = 694CD2242E61899600C07FF2 /* notetakingmvcuikitUITests.xctest */;
			productType = "com.apple.product-type.bundle.ui-testing";
		};
/* End PBXNativeTarget section */

/* Begin PBXProject section */
		694CD1F92E61899300C07FF2 /* Project object */ = {
			isa = PBXProject;
			attributes = {
				BuildIndependentTargetsInParallel = 1;
				LastSwiftUpdateCheck = 1640;
				LastUpgradeCheck = 1640;
				TargetAttributes = {
					694CD2002E61899300C07FF2 = {
						CreatedOnToolsVersion = 16.4;
					};
					694CD2192E61899600C07FF2 = {
						CreatedOnToolsVersion = 16.4;
						TestTargetID = 694CD2002E61899300C07FF2;
					};
					694CD2232E61899600C07FF2 = {
						CreatedOnToolsVersion = 16.4;
						TestTargetID = 694CD2002E61899300C07FF2;
					};
				};
			};
			buildConfigurationList = 694CD1FC2E61899300C07FF2 /* Build configuration list for PBXProject "notetakingmvcuikit" */;
			developmentRegion = en;
			hasScannedForEncodings = 0;
			knownRegions = (
				en,
				Base,
			);
			mainGroup = 694CD1F82E61899300C07FF2;
			minimizedProjectReferenceProxies = 1;
			preferredProjectObjectVersion = 77;
			productRefGroup = 694CD2022E61899300C07FF2 /* Products */;
			projectDirPath = "";
			projectRoot = "";
			targets = (
				694CD2002E61899300C07FF2 /* notetakingmvcuikit */,
				694CD2192E61899600C07FF2 /* notetakingmvcuikitTests */,
				694CD2232E61899600C07FF2 /* notetakingmvcuikitUITests */,
			);
		};
/* End PBXProject section */

/* Begin PBXResourcesBuildPhase section */
		694CD1FF2E61899300C07FF2 /* Resources */ = {
			isa = PBXResourcesBuildPhase;
			buildActionMask = 2147483647;
			files = (
			);
			runOnlyForDeploymentPostprocessing = 0;
		};
		694CD2182E61899600C07FF2 /* Resources */ = {
			isa = PBXResourcesBuildPhase;
			buildActionMask = 2147483647;
			files = (
			);
			runOnlyForDeploymentPostprocessing = 0;
		};
		694CD2222E61899600C07FF2 /* Resources */ = {
			isa = PBXResourcesBuildPhase;
			buildActionMask = 2147483647;
			files = (
			);
			runOnlyForDeploymentPostprocessing = 0;
		};
/* End PBXResourcesBuildPhase section */

/* Begin PBXSourcesBuildPhase section */
		694CD1FD2E61899300C07FF2 /* Sources */ = {
			isa = PBXSourcesBuildPhase;
			buildActionMask = 2147483647;
			files = (
			);
			runOnlyForDeploymentPostprocessing = 0;
		};
		694CD2162E61899600C07FF2 /* Sources */ = {
			isa = PBXSourcesBuildPhase;
			buildActionMask = 2147483647;
			files = (
			);
			runOnlyForDeploymentPostprocessing = 0;
		};
		694CD2202E61899600C07FF2 /* Sources */ = {
			isa = PBXSourcesBuildPhase;
			buildActionMask = 2147483647;
			files = (
			);
			runOnlyForDeploymentPostprocessing = 0;
		};
/* End PBXSourcesBuildPhase section */

/* Begin PBXTargetDependency section */
		694CD21C2E61899600C07FF2 /* PBXTargetDependency */ = {
			isa = PBXTargetDependency;
			target = 694CD2002E61899300C07FF2 /* notetakingmvcuikit */;
			targetProxy = 694CD21B2E61899600C07FF2 /* PBXContainerItemProxy */;
		};
		694CD2262E61899600C07FF2 /* PBXTargetDependency */ = {
			isa = PBXTargetDependency;
			target = 694CD2002E61899300C07FF2 /* notetakingmvcuikit */;
			targetProxy = 694CD2252E61899600C07FF2 /* PBXContainerItemProxy */;
		};
/* End PBXTargetDependency section */

/* Begin XCBuildConfiguration section */
		694CD22E2E61899600C07FF2 /* Debug */ = {
			isa = XCBuildConfiguration;
			buildSettings = {
				ASSETCATALOG_COMPILER_APPICON_NAME = AppIcon;
				ASSETCATALOG_COMPILER_GLOBAL_ACCENT_COLOR_NAME = AccentColor;
				CODE_SIGN_STYLE = Automatic;
				CURRENT_PROJECT_VERSION = 1;
				DEVELOPMENT_TEAM = QA7BM7NDFK;
				GENERATE_INFOPLIST_FILE = YES;
				INFOPLIST_FILE = notetakingmvcuikit/Info.plist;
				INFOPLIST_KEY_UIApplicationSupportsIndirectInputEvents = YES;
				INFOPLIST_KEY_UILaunchStoryboardName = LaunchScreen;
				INFOPLIST_KEY_UIMainStoryboardFile = Main;
				INFOPLIST_KEY_UISupportedInterfaceOrientations_iPad = "UIInterfaceOrientationPortrait UIInterfaceOrientationPortraitUpsideDown UIInterfaceOrientationLandscapeLeft UIInterfaceOrientationLandscapeRight";
				INFOPLIST_KEY_UISupportedInterfaceOrientations_iPhone = "UIInterfaceOrientationPortrait UIInterfaceOrientationLandscapeLeft UIInterfaceOrientationLandscapeRight";
				LD_RUNPATH_SEARCH_PATHS = (
					"$(inherited)",
					"@executable_path/Frameworks",
				);
				MARKETING_VERSION = 1.0;
				PRODUCT_BUNDLE_IDENTIFIER = com.sachin.notetakingmvcuikit;
				PRODUCT_NAME = "$(TARGET_NAME)";
				SWIFT_EMIT_LOC_STRINGS = YES;
				SWIFT_VERSION = 5.0;
				TARGETED_DEVICE_FAMILY = "1,2";
			};
			name = Debug;
		};
		694CD22F2E61899600C07FF2 /* Release */ = {
			isa = XCBuildConfiguration;
			buildSettings = {
				ASSETCATALOG_COMPILER_APPICON_NAME = AppIcon;
				ASSETCATALOG_COMPILER_GLOBAL_ACCENT_COLOR_NAME = AccentColor;
				CODE_SIGN_STYLE = Automatic;
				CURRENT_PROJECT_VERSION = 1;
				DEVELOPMENT_TEAM = QA7BM7NDFK;
				GENERATE_INFOPLIST_FILE = YES;
				INFOPLIST_FILE = notetakingmvcuikit/Info.plist;
				INFOPLIST_KEY_UIApplicationSupportsIndirectInputEvents = YES;
				INFOPLIST_KEY_UILaunchStoryboardName = LaunchScreen;
				INFOPLIST_KEY_UIMainStoryboardFile = Main;
				INFOPLIST_KEY_UISupportedInterfaceOrientations_iPad = "UIInterfaceOrientationPortrait UIInterfaceOrientationPortraitUpsideDown UIInterfaceOrientationLandscapeLeft UIInterfaceOrientationLandscapeRight";
				INFOPLIST_KEY_UISupportedInterfaceOrientations_iPhone = "UIInterfaceOrientationPortrait UIInterfaceOrientationLandscapeLeft UIInterfaceOrientationLandscapeRight";
				LD_RUNPATH_SEARCH_PATHS = (
					"$(inherited)",
					"@executable_path/Frameworks",
				);
				MARKETING_VERSION = 1.0;
				PRODUCT_BUNDLE_IDENTIFIER = com.sachin.notetakingmvcuikit;
				PRODUCT_NAME = "$(TARGET_NAME)";
				SWIFT_EMIT_LOC_STRINGS = YES;
				SWIFT_VERSION = 5.0;
				TARGETED_DEVICE_FAMILY = "1,2";
			};
			name = Release;
		};
		694CD2302E61899600C07FF2 /* Debug */ = {
			isa = XCBuildConfiguration;
			buildSettings = {
				ALWAYS_SEARCH_USER_PATHS = NO;
				ASSETCATALOG_COMPILER_GENERATE_SWIFT_ASSET_SYMBOL_EXTENSIONS = YES;
				CLANG_ANALYZER_NONNULL = YES;
				CLANG_ANALYZER_NUMBER_OBJECT_CONVERSION = YES_AGGRESSIVE;
				CLANG_CXX_LANGUAGE_STANDARD = "gnu++20";
				CLANG_ENABLE_MODULES = YES;
				CLANG_ENABLE_OBJC_ARC = YES;
				CLANG_ENABLE_OBJC_WEAK = YES;
				CLANG_WARN_BLOCK_CAPTURE_AUTORELEASING = YES;
				CLANG_WARN_BOOL_CONVERSION = YES;
				CLANG_WARN_COMMA = YES;
				CLANG_WARN_CONSTANT_CONVERSION = YES;
				CLANG_WARN_DEPRECATED_OBJC_IMPLEMENTATIONS = YES;
				CLANG_WARN_DIRECT_OBJC_ISA_USAGE = YES_ERROR;
				CLANG_WARN_DOCUMENTATION_COMMENTS = YES;
				CLANG_WARN_EMPTY_BODY = YES;
				CLANG_WARN_ENUM_CONVERSION = YES;
				CLANG_WARN_INFINITE_RECURSION = YES;
				CLANG_WARN_INT_CONVERSION = YES;
				CLANG_WARN_NON_LITERAL_NULL_CONVERSION = YES;
				CLANG_WARN_OBJC_IMPLICIT_RETAIN_SELF = YES;
				CLANG_WARN_OBJC_LITERAL_CONVERSION = YES;
				CLANG_WARN_OBJC_ROOT_CLASS = YES_ERROR;
				CLANG_WARN_QUOTED_INCLUDE_IN_FRAMEWORK_HEADER = YES;
				CLANG_WARN_RANGE_LOOP_ANALYSIS = YES;
				CLANG_WARN_STRICT_PROTOTYPES = YES;
				CLANG_WARN_SUSPICIOUS_MOVE = YES;
				CLANG_WARN_UNGUARDED_AVAILABILITY = YES_AGGRESSIVE;
				CLANG_WARN_UNREACHABLE_CODE = YES;
				CLANG_WARN__DUPLICATE_METHOD_MATCH = YES;
				COPY_PHASE_STRIP = NO;
				DEBUG_INFORMATION_FORMAT = dwarf;
				DEVELOPMENT_TEAM = QA7BM7NDFK;
				ENABLE_STRICT_OBJC_MSGSEND = YES;
				ENABLE_TESTABILITY = YES;
				ENABLE_USER_SCRIPT_SANDBOXING = YES;
				GCC_C_LANGUAGE_STANDARD = gnu17;
				GCC_DYNAMIC_NO_PIC = NO;
				GCC_NO_COMMON_BLOCKS = YES;
				GCC_OPTIMIZATION_LEVEL = 0;
				GCC_PREPROCESSOR_DEFINITIONS = (
					"DEBUG=1",
					"$(inherited)",
				);
				GCC_WARN_64_TO_32_BIT_CONVERSION = YES;
				GCC_WARN_ABOUT_RETURN_TYPE = YES_ERROR;
				GCC_WARN_UNDECLARED_SELECTOR = YES;
				GCC_WARN_UNINITIALIZED_AUTOS = YES_AGGRESSIVE;
				GCC_WARN_UNUSED_FUNCTION = YES;
				GCC_WARN_UNUSED_VARIABLE = YES;
				IPHONEOS_DEPLOYMENT_TARGET = 18.5;
				LOCALIZATION_PREFERS_STRING_CATALOGS = YES;
				MTL_ENABLE_DEBUG_INFO = INCLUDE_SOURCE;
				MTL_FAST_MATH = YES;
				ONLY_ACTIVE_ARCH = YES;
				SDKROOT = iphoneos;
				SWIFT_ACTIVE_COMPILATION_CONDITIONS = "DEBUG $(inherited)";
				SWIFT_OPTIMIZATION_LEVEL = "-Onone";
			};
			name = Debug;
		};
		694CD2312E61899600C07FF2 /* Release */ = {
			isa = XCBuildConfiguration;
			buildSettings = {
				ALWAYS_SEARCH_USER_PATHS = NO;
				ASSETCATALOG_COMPILER_GENERATE_SWIFT_ASSET_SYMBOL_EXTENSIONS = YES;
				CLANG_ANALYZER_NONNULL = YES;
				CLANG_ANALYZER_NUMBER_OBJECT_CONVERSION = YES_AGGRESSIVE;
				CLANG_CXX_LANGUAGE_STANDARD = "gnu++20";
				CLANG_ENABLE_MODULES = YES;
				CLANG_ENABLE_OBJC_ARC = YES;
				CLANG_ENABLE_OBJC_WEAK = YES;
				CLANG_WARN_BLOCK_CAPTURE_AUTORELEASING = YES;
				CLANG_WARN_BOOL_CONVERSION = YES;
				CLANG_WARN_COMMA = YES;
				CLANG_WARN_CONSTANT_CONVERSION = YES;
				CLANG_WARN_DEPRECATED_OBJC_IMPLEMENTATIONS = YES;
				CLANG_WARN_DIRECT_OBJC_ISA_USAGE = YES_ERROR;
				CLANG_WARN_DOCUMENTATION_COMMENTS = YES;
				CLANG_WARN_EMPTY_BODY = YES;
				CLANG_WARN_ENUM_CONVERSION = YES;
				CLANG_WARN_INFINITE_RECURSION = YES;
				CLANG_WARN_INT_CONVERSION = YES;
				CLANG_WARN_NON_LITERAL_NULL_CONVERSION = YES;
				CLANG_WARN_OBJC_IMPLICIT_RETAIN_SELF = YES;
				CLANG_WARN_OBJC_LITERAL_CONVERSION = YES;
				CLANG_WARN_OBJC_ROOT_CLASS = YES_ERROR;
				CLANG_WARN_QUOTED_INCLUDE_IN_FRAMEWORK_HEADER = YES;
				CLANG_WARN_RANGE_LOOP_ANALYSIS = YES;
				CLANG_WARN_STRICT_PROTOTYPES = YES;
				CLANG_WARN_SUSPICIOUS_MOVE = YES;
				CLANG_WARN_UNGUARDED_AVAILABILITY = YES_AGGRESSIVE;
				CLANG_WARN_UNREACHABLE_CODE = YES;
				CLANG_WARN__DUPLICATE_METHOD_MATCH = YES;
				COPY_PHASE_STRIP = NO;
				DEBUG_INFORMATION_FORMAT = "dwarf-with-dsym";
				DEVELOPMENT_TEAM = QA7BM7NDFK;
				ENABLE_NS_ASSERTIONS = NO;
				ENABLE_STRICT_OBJC_MSGSEND = YES;
				ENABLE_USER_SCRIPT_SANDBOXING = YES;
				GCC_C_LANGUAGE_STANDARD = gnu17;
				GCC_NO_COMMON_BLOCKS = YES;
				GCC_WARN_64_TO_32_BIT_CONVERSION = YES;
				GCC_WARN_ABOUT_RETURN_TYPE = YES_ERROR;
				GCC_WARN_UNDECLARED_SELECTOR = YES;
				GCC_WARN_UNINITIALIZED_AUTOS = YES_AGGRESSIVE;
				GCC_WARN_UNUSED_FUNCTION = YES;
				GCC_WARN_UNUSED_VARIABLE = YES;
				IPHONEOS_DEPLOYMENT_TARGET = 18.5;
				LOCALIZATION_PREFERS_STRING_CATALOGS = YES;
				MTL_ENABLE_DEBUG_INFO = NO;
				MTL_FAST_MATH = YES;
				SDKROOT = iphoneos;
				SWIFT_COMPILATION_MODE = wholemodule;
				VALIDATE_PRODUCT = YES;
			};
			name = Release;
		};
		694CD2332E61899600C07FF2 /* Debug */ = {
			isa = XCBuildConfiguration;
			buildSettings = {
				BUNDLE_LOADER = "$(TEST_HOST)";
				CODE_SIGN_STYLE = Automatic;
				CURRENT_PROJECT_VERSION = 1;
				DEVELOPMENT_TEAM = QA7BM7NDFK;
				GENERATE_INFOPLIST_FILE = YES;
				IPHONEOS_DEPLOYMENT_TARGET = 18.5;
				MARKETING_VERSION = 1.0;
				PRODUCT_BUNDLE_IDENTIFIER = com.sachin.notetakingmvcuikitTests;
				PRODUCT_NAME = "$(TARGET_NAME)";
				SWIFT_EMIT_LOC_STRINGS = NO;
				SWIFT_VERSION = 5.0;
				TARGETED_DEVICE_FAMILY = "1,2";
				TEST_HOST = "$(BUILT_PRODUCTS_DIR)/notetakingmvcuikit.app/$(BUNDLE_EXECUTABLE_FOLDER_PATH)/notetakingmvcuikit";
			};
			name = Debug;
		};
		694CD2342E61899600C07FF2 /* Release */ = {
			isa = XCBuildConfiguration;
			buildSettings = {
				BUNDLE_LOADER = "$(TEST_HOST)";
				CODE_SIGN_STYLE = Automatic;
				CURRENT_PROJECT_VERSION = 1;
				DEVELOPMENT_TEAM = QA7BM7NDFK;
				GENERATE_INFOPLIST_FILE = YES;
				IPHONEOS_DEPLOYMENT_TARGET = 18.5;
				MARKETING_VERSION = 1.0;
				PRODUCT_BUNDLE_IDENTIFIER = com.sachin.notetakingmvcuikitTests;
				PRODUCT_NAME = "$(TARGET_NAME)";
				SWIFT_EMIT_LOC_STRINGS = NO;
				SWIFT_VERSION = 5.0;
				TARGETED_DEVICE_FAMILY = "1,2";
				TEST_HOST = "$(BUILT_PRODUCTS_DIR)/notetakingmvcuikit.app/$(BUNDLE_EXECUTABLE_FOLDER_PATH)/notetakingmvcuikit";
			};
			name = Release;
		};
		694CD2362E61899600C07FF2 /* Debug */ = {
			isa = XCBuildConfiguration;
			buildSettings = {
				CODE_SIGN_STYLE = Automatic;
				CURRENT_PROJECT_VERSION = 1;
				DEVELOPMENT_TEAM = QA7BM7NDFK;
				GENERATE_INFOPLIST_FILE = YES;
				MARKETING_VERSION = 1.0;
				PRODUCT_BUNDLE_IDENTIFIER = com.sachin.notetakingmvcuikitUITests;
				PRODUCT_NAME = "$(TARGET_NAME)";
				SWIFT_EMIT_LOC_STRINGS = NO;
				SWIFT_VERSION = 5.0;
				TARGETED_DEVICE_FAMILY = "1,2";
				TEST_TARGET_NAME = notetakingmvcuikit;
			};
			name = Debug;
		};
		694CD2372E61899600C07FF2 /* Release */ = {
			isa = XCBuildConfiguration;
			buildSettings = {
				CODE_SIGN_STYLE = Automatic;
				CURRENT_PROJECT_VERSION = 1;
				DEVELOPMENT_TEAM = QA7BM7NDFK;
				GENERATE_INFOPLIST_FILE = YES;
				MARKETING_VERSION = 1.0;
				PRODUCT_BUNDLE_IDENTIFIER = com.sachin.notetakingmvcuikitUITests;
				PRODUCT_NAME = "$(TARGET_NAME)";
				SWIFT_EMIT_LOC_STRINGS = NO;
				SWIFT_VERSION = 5.0;
				TARGETED_DEVICE_FAMILY = "1,2";
				TEST_TARGET_NAME = notetakingmvcuikit;
			};
			name = Release;
		};
/* End XCBuildConfiguration section */

/* Begin XCConfigurationList section */
		694CD1FC2E61899300C07FF2 /* Build configuration list for PBXProject "notetakingmvcuikit" */ = {
			isa = XCConfigurationList;
			buildConfigurations = (
				694CD2302E61899600C07FF2 /* Debug */,
				694CD2312E61899600C07FF2 /* Release */,
			);
			defaultConfigurationIsVisible = 0;
			defaultConfigurationName = Release;
		};
		694CD22D2E61899600C07FF2 /* Build configuration list for PBXNativeTarget "notetakingmvcuikit" */ = {
			isa = XCConfigurationList;
			buildConfigurations = (
				694CD22E2E61899600C07FF2 /* Debug */,
				694CD22F2E61899600C07FF2 /* Release */,
			);
			defaultConfigurationIsVisible = 0;
			defaultConfigurationName = Release;
		};
		694CD2322E61899600C07FF2 /* Build configuration list for PBXNativeTarget "notetakingmvcuikitTests" */ = {
			isa = XCConfigurationList;
			buildConfigurations = (
				694CD2332E61899600C07FF2 /* Debug */,
				694CD2342E61899600C07FF2 /* Release */,
			);
			defaultConfigurationIsVisible = 0;
			defaultConfigurationName = Release;
		};
		694CD2352E61899600C07FF2 /* Build configuration list for PBXNativeTarget "notetakingmvcuikitUITests" */ = {
			isa = XCConfigurationList;
			buildConfigurations = (
				694CD2362E61899600C07FF2 /* Debug */,
				694CD2372E61899600C07FF2 /* Release */,
			);
			defaultConfigurationIsVisible = 0;
			defaultConfigurationName = Release;
		};
/* End XCConfigurationList section */
	};
	rootObject = 694CD1F92E61899300C07FF2 /* Project object */;
}
